<?xml version="1.0" encoding="utf-8"?>
<Project ToolsVersion="17.0" xmlns="http://schemas.microsoft.com/developer/msbuild/2003">
  <ItemGroup>
    <CustomBuild Include="D:\flutter\sindomon\windows\CMakeFiles\b85ec7a3243082720f141ae94ca2138e\generate.stamp.rule">
      <Filter>CMake Rules</Filter>
    </CustomBuild>
  </ItemGroup>
  <ItemGroup>
    <Filter Include="CMake Rules">
      <UniqueIdentifier>{958712EA-3562-3E52-B8BC-918B37D071EF}</UniqueIdentifier>
    </Filter>
  </ItemGroup>
</Project>
