<?xml version="1.0" encoding="utf-8"?>
<Project ToolsVersion="17.0" xmlns="http://schemas.microsoft.com/developer/msbuild/2003">
  <ItemGroup>
    <CustomBuild Include="D:\flutter\sindomon\windows\CMakeFiles\c40d464fd7d8f0fb1fff9aad52c2a3cf\flutter_windows.dll.rule">
      <Filter>CMake Rules</Filter>
    </CustomBuild>
    <CustomBuild Include="D:\flutter\sindomon\windows\CMakeFiles\78a3c9085f5609ba072e864d2209440a\flutter_assemble.rule">
      <Filter>CMake Rules</Filter>
    </CustomBuild>
    <CustomBuild Include="D:\flutter\sindomon\windows\flutter\CMakeLists.txt" />
  </ItemGroup>
  <ItemGroup>
    <None Include="D:\flutter\sindomon\windows\flutter\CMakeFiles\flutter_assemble" />
  </ItemGroup>
  <ItemGroup>
    <Filter Include="CMake Rules">
      <UniqueIdentifier>{958712EA-3562-3E52-B8BC-918B37D071EF}</UniqueIdentifier>
    </Filter>
  </ItemGroup>
</Project>
