
Microsoft Visual Studio Solution File, Format Version 12.00
# Visual Studio Version 17
Project("{8BC9CEB8-8B4A-11D0-8D11-00A0C91BC942}") = "ALL_BUILD", "ALL_BUILD.vcxproj", "{C88DF123-40D8-336C-B8A4-B5629CC9F4AA}"
	ProjectSection(ProjectDependencies) = postProject
		{4A799B3A-C537-3656-A6A2-AC264D965EF2} = {4A799B3A-C537-3656-A6A2-AC264D965EF2}
		{D7358EE8-DCBA-3344-8D22-C8ED39F725B3} = {D7358EE8-DCBA-3344-8D22-C8ED39F725B3}
	EndProjectSection
EndProject
Project("{8BC9CEB8-8B4A-11D0-8D11-00A0C91BC942}") = "INSTALL", "INSTALL.vcxproj", "{D18D0C62-C0EE-37C4-A9EC-FF441E95F972}"
	ProjectSection(ProjectDependencies) = postProject
		{C88DF123-40D8-336C-B8A4-B5629CC9F4AA} = {C88DF123-40D8-336C-B8A4-B5629CC9F4AA}
		{4A799B3A-C537-3656-A6A2-AC264D965EF2} = {4A799B3A-C537-3656-A6A2-AC264D965EF2}
	EndProjectSection
EndProject
Project("{8BC9CEB8-8B4A-11D0-8D11-00A0C91BC942}") = "ZERO_CHECK", "..\..\ZERO_CHECK.vcxproj", "{4A799B3A-C537-3656-A6A2-AC264D965EF2}"
	ProjectSection(ProjectDependencies) = postProject
	EndProjectSection
EndProject
Project("{8BC9CEB8-8B4A-11D0-8D11-00A0C91BC942}") = "file_selector_windows_plugin", "file_selector_windows_plugin.vcxproj", "{D7358EE8-DCBA-3344-8D22-C8ED39F725B3}"
	ProjectSection(ProjectDependencies) = postProject
		{4A799B3A-C537-3656-A6A2-AC264D965EF2} = {4A799B3A-C537-3656-A6A2-AC264D965EF2}
		{489B0261-BF3E-3887-8A0B-DD47E7B65CD8} = {489B0261-BF3E-3887-8A0B-DD47E7B65CD8}
		{E03E25C2-EF12-3C58-A06E-F831FBE0C697} = {E03E25C2-EF12-3C58-A06E-F831FBE0C697}
	EndProjectSection
EndProject
Project("{8BC9CEB8-8B4A-11D0-8D11-00A0C91BC942}") = "flutter_assemble", "..\..\flutter\flutter_assemble.vcxproj", "{489B0261-BF3E-3887-8A0B-DD47E7B65CD8}"
	ProjectSection(ProjectDependencies) = postProject
		{4A799B3A-C537-3656-A6A2-AC264D965EF2} = {4A799B3A-C537-3656-A6A2-AC264D965EF2}
	EndProjectSection
EndProject
Project("{8BC9CEB8-8B4A-11D0-8D11-00A0C91BC942}") = "flutter_wrapper_plugin", "..\..\flutter\flutter_wrapper_plugin.vcxproj", "{E03E25C2-EF12-3C58-A06E-F831FBE0C697}"
	ProjectSection(ProjectDependencies) = postProject
		{4A799B3A-C537-3656-A6A2-AC264D965EF2} = {4A799B3A-C537-3656-A6A2-AC264D965EF2}
		{489B0261-BF3E-3887-8A0B-DD47E7B65CD8} = {489B0261-BF3E-3887-8A0B-DD47E7B65CD8}
	EndProjectSection
EndProject
Global
	GlobalSection(SolutionConfigurationPlatforms) = preSolution
		Debug|x64 = Debug|x64
		Profile|x64 = Profile|x64
		Release|x64 = Release|x64
	EndGlobalSection
	GlobalSection(ProjectConfigurationPlatforms) = postSolution
		{C88DF123-40D8-336C-B8A4-B5629CC9F4AA}.Debug|x64.ActiveCfg = Debug|x64
		{C88DF123-40D8-336C-B8A4-B5629CC9F4AA}.Debug|x64.Build.0 = Debug|x64
		{C88DF123-40D8-336C-B8A4-B5629CC9F4AA}.Profile|x64.ActiveCfg = Profile|x64
		{C88DF123-40D8-336C-B8A4-B5629CC9F4AA}.Profile|x64.Build.0 = Profile|x64
		{C88DF123-40D8-336C-B8A4-B5629CC9F4AA}.Release|x64.ActiveCfg = Release|x64
		{C88DF123-40D8-336C-B8A4-B5629CC9F4AA}.Release|x64.Build.0 = Release|x64
		{D18D0C62-C0EE-37C4-A9EC-FF441E95F972}.Debug|x64.ActiveCfg = Debug|x64
		{D18D0C62-C0EE-37C4-A9EC-FF441E95F972}.Profile|x64.ActiveCfg = Profile|x64
		{D18D0C62-C0EE-37C4-A9EC-FF441E95F972}.Release|x64.ActiveCfg = Release|x64
		{4A799B3A-C537-3656-A6A2-AC264D965EF2}.Debug|x64.ActiveCfg = Debug|x64
		{4A799B3A-C537-3656-A6A2-AC264D965EF2}.Debug|x64.Build.0 = Debug|x64
		{4A799B3A-C537-3656-A6A2-AC264D965EF2}.Profile|x64.ActiveCfg = Profile|x64
		{4A799B3A-C537-3656-A6A2-AC264D965EF2}.Profile|x64.Build.0 = Profile|x64
		{4A799B3A-C537-3656-A6A2-AC264D965EF2}.Release|x64.ActiveCfg = Release|x64
		{4A799B3A-C537-3656-A6A2-AC264D965EF2}.Release|x64.Build.0 = Release|x64
		{D7358EE8-DCBA-3344-8D22-C8ED39F725B3}.Debug|x64.ActiveCfg = Debug|x64
		{D7358EE8-DCBA-3344-8D22-C8ED39F725B3}.Debug|x64.Build.0 = Debug|x64
		{D7358EE8-DCBA-3344-8D22-C8ED39F725B3}.Profile|x64.ActiveCfg = Profile|x64
		{D7358EE8-DCBA-3344-8D22-C8ED39F725B3}.Profile|x64.Build.0 = Profile|x64
		{D7358EE8-DCBA-3344-8D22-C8ED39F725B3}.Release|x64.ActiveCfg = Release|x64
		{D7358EE8-DCBA-3344-8D22-C8ED39F725B3}.Release|x64.Build.0 = Release|x64
		{489B0261-BF3E-3887-8A0B-DD47E7B65CD8}.Debug|x64.ActiveCfg = Debug|x64
		{489B0261-BF3E-3887-8A0B-DD47E7B65CD8}.Debug|x64.Build.0 = Debug|x64
		{489B0261-BF3E-3887-8A0B-DD47E7B65CD8}.Profile|x64.ActiveCfg = Profile|x64
		{489B0261-BF3E-3887-8A0B-DD47E7B65CD8}.Profile|x64.Build.0 = Profile|x64
		{489B0261-BF3E-3887-8A0B-DD47E7B65CD8}.Release|x64.ActiveCfg = Release|x64
		{489B0261-BF3E-3887-8A0B-DD47E7B65CD8}.Release|x64.Build.0 = Release|x64
		{E03E25C2-EF12-3C58-A06E-F831FBE0C697}.Debug|x64.ActiveCfg = Debug|x64
		{E03E25C2-EF12-3C58-A06E-F831FBE0C697}.Debug|x64.Build.0 = Debug|x64
		{E03E25C2-EF12-3C58-A06E-F831FBE0C697}.Profile|x64.ActiveCfg = Profile|x64
		{E03E25C2-EF12-3C58-A06E-F831FBE0C697}.Profile|x64.Build.0 = Profile|x64
		{E03E25C2-EF12-3C58-A06E-F831FBE0C697}.Release|x64.ActiveCfg = Release|x64
		{E03E25C2-EF12-3C58-A06E-F831FBE0C697}.Release|x64.Build.0 = Release|x64
	EndGlobalSection
	GlobalSection(ExtensibilityGlobals) = postSolution
		SolutionGuid = {9CD8326D-0EFB-3D4D-A23C-26CFC763628E}
	EndGlobalSection
	GlobalSection(ExtensibilityAddIns) = postSolution
	EndGlobalSection
EndGlobal
